
Microsoft Visual Studio Solution File, Format Version 12.00
# Visual Studio Version 17
VisualStudioVersion = 17.3.32929.385
MinimumVisualStudioVersion = 10.0.40219.1
Project("{FAE04EC0-301F-11D3-BF4B-00C04F79EFBC}") = "webAPI", "webAPI\webAPI.csproj", "{210C516E-2007-4696-B0E3-DA08F0508246}"
EndProject
Global
	GlobalSection(SolutionConfigurationPlatforms) = preSolution
		Debug|Any CPU = Debug|Any CPU
		Release|Any CPU = Release|Any CPU
	EndGlobalSection
	GlobalSection(ProjectConfigurationPlatforms) = postSolution
		{210C516E-2007-4696-B0E3-DA08F0508246}.Debug|Any CPU.ActiveCfg = Debug|Any CPU
		{210C516E-2007-4696-B0E3-DA08F0508246}.Debug|Any CPU.Build.0 = Debug|Any CPU
		{210C516E-2007-4696-B0E3-DA08F0508246}.Release|Any CPU.ActiveCfg = Release|Any CPU
		{210C516E-2007-4696-B0E3-DA08F0508246}.Release|Any CPU.Build.0 = Release|Any CPU
	EndGlobalSection
	GlobalSection(SolutionProperties) = preSolution
		HideSolutionNode = FALSE
	EndGlobalSection
	GlobalSection(ExtensibilityGlobals) = postSolution
		SolutionGuid = {3A6EB2C7-9084-4DD1-97A1-9FECA6913B5A}
	EndGlobalSection
EndGlobal
